
Microsoft Visual Studio Solution File, Format Version 12.00
# Visual Studio 15
VisualStudioVersion = 15.0.27703.2026
MinimumVisualStudioVersion = 10.0.40219.1
Project("{FAE04EC0-301F-11D3-BF4B-00C04F79EFBC}") = "Collections", "Collections\Collections.csproj", "{88E7BAE1-8852-4944-AD48-E1FC80CE7C8C}"
EndProject
Project("{FAE04EC0-301F-11D3-BF4B-00C04F79EFBC}") = "CollectionsTest", "CollectionsTest\CollectionsTest.csproj", "{B18E32F6-0627-4785-897D-C6FEFB81D34C}"
EndProject
Global
	GlobalSection(SolutionConfigurationPlatforms) = preSolution
		Debug|Any CPU = Debug|Any CPU
		Release|Any CPU = Release|Any CPU
	EndGlobalSection
	GlobalSection(ProjectConfigurationPlatforms) = postSolution
		{88E7BAE1-8852-4944-AD48-E1FC80CE7C8C}.Debug|Any CPU.ActiveCfg = Debug|Any CPU
		{88E7BAE1-8852-4944-AD48-E1FC80CE7C8C}.Debug|Any CPU.Build.0 = Debug|Any CPU
		{88E7BAE1-8852-4944-AD48-E1FC80CE7C8C}.Release|Any CPU.ActiveCfg = Release|Any CPU
		{88E7BAE1-8852-4944-AD48-E1FC80CE7C8C}.Release|Any CPU.Build.0 = Release|Any CPU
		{B18E32F6-0627-4785-897D-C6FEFB81D34C}.Debug|Any CPU.ActiveCfg = Debug|Any CPU
		{B18E32F6-0627-4785-897D-C6FEFB81D34C}.Debug|Any CPU.Build.0 = Debug|Any CPU
		{B18E32F6-0627-4785-897D-C6FEFB81D34C}.Release|Any CPU.ActiveCfg = Release|Any CPU
		{B18E32F6-0627-4785-897D-C6FEFB81D34C}.Release|Any CPU.Build.0 = Release|Any CPU
	EndGlobalSection
	GlobalSection(SolutionProperties) = preSolution
		HideSolutionNode = FALSE
	EndGlobalSection
	GlobalSection(ExtensibilityGlobals) = postSolution
		SolutionGuid = {F5C8E41C-AABF-480A-AF24-4DBF462DF820}
	EndGlobalSection
EndGlobal
